
Microsoft Visual Studio Solution File, Format Version 12.00
# Visual Studio Version 17
VisualStudioVersion = 17.8.34322.80
MinimumVisualStudioVersion = 10.0.40219.1
Project("{FAE04EC0-301F-11D3-BF4B-00C04F79EFBC}") = "WallBreaker", "WallBreaker.csproj", "{04581DFF-E9E7-49C5-9125-549AAE63433A}"
EndProject
Global
	GlobalSection(SolutionConfigurationPlatforms) = preSolution
		Debug|Any CPU = Debug|Any CPU
		Release|Any CPU = Release|Any CPU
	EndGlobalSection
	GlobalSection(ProjectConfigurationPlatforms) = postSolution
		{04581DFF-E9E7-49C5-9125-549AAE63433A}.Debug|Any CPU.ActiveCfg = Debug|Any CPU
		{04581DFF-E9E7-49C5-9125-549AAE63433A}.Debug|Any CPU.Build.0 = Debug|Any CPU
		{04581DFF-E9E7-49C5-9125-549AAE63433A}.Release|Any CPU.ActiveCfg = Release|Any CPU
		{04581DFF-E9E7-49C5-9125-549AAE63433A}.Release|Any CPU.Build.0 = Release|Any CPU
	EndGlobalSection
	GlobalSection(SolutionProperties) = preSolution
		HideSolutionNode = FALSE
	EndGlobalSection
	GlobalSection(ExtensibilityGlobals) = postSolution
		SolutionGuid = {C4770039-BD70-4417-8D21-87F107CDB52A}
	EndGlobalSection
EndGlobal
